
Microsoft Visual Studio Solution File, Format Version 12.00
# Visual Studio Version 17
VisualStudioVersion = 17.13.35931.197 d17.13
MinimumVisualStudioVersion = 10.0.40219.1
Project("{FAE04EC0-301F-11D3-BF4B-00C04F79EFBC}") = "Cryptro", "Cryptro\Cryptro.csproj", "{2DCB37E9-7601-47E1-846B-79A4AD487FCA}"
EndProject
Global
	GlobalSection(SolutionConfigurationPlatforms) = preSolution
		Debug|Any CPU = Debug|Any CPU
		Release|Any CPU = Release|Any CPU
	EndGlobalSection
	GlobalSection(ProjectConfigurationPlatforms) = postSolution
		{2DCB37E9-7601-47E1-846B-79A4AD487FCA}.Debug|Any CPU.ActiveCfg = Debug|Any CPU
		{2DCB37E9-7601-47E1-846B-79A4AD487FCA}.Debug|Any CPU.Build.0 = Debug|Any CPU
		{2DCB37E9-7601-47E1-846B-79A4AD487FCA}.Release|Any CPU.ActiveCfg = Release|Any CPU
		{2DCB37E9-7601-47E1-846B-79A4AD487FCA}.Release|Any CPU.Build.0 = Release|Any CPU
	EndGlobalSection
	GlobalSection(SolutionProperties) = preSolution
		HideSolutionNode = FALSE
	EndGlobalSection
	GlobalSection(ExtensibilityGlobals) = postSolution
		SolutionGuid = {5171C2D0-8BF6-470B-A216-91B08C70C890}
	EndGlobalSection
EndGlobal
